{
  "nodes": {
    "nixpkgs": {
      "locked": {
        "lastModified": 1773669136,
        "narHash": "sha256-rw8sHhEp4Yi3NZFLFqXQNW+UJO34dhsB55+c+kNoRKQ=",
        "owner": "NixOS",
        "repo": "nixpkgs",
        "rev": "bd53ac106738b7bc47f89d56b5ddbff4bd4af4bf",
        "type": "github"
      },
      "original": {
        "owner": "NixOS",
        "repo": "nixpkgs",
        "type": "github"
      }
    },
    "root": {
      "inputs": {
        "nixpkgs": "nixpkgs"
      }
    }
  },
  "root": "root",
  "version": 7
}
