{
  "nodes": {
    "nixpkgs": {
      "locked": {
        "lastModified": 1720847057,
        "narHash": "sha256-QTpVX7WDrM+THGwe4I6zCmdaH1AAgHmApPlbAUmqzNM=",
        "owner": "NixOS",
        "repo": "nixpkgs",
        "rev": "bd24e293f22dd8f9edd561db9d921ef4ad3eac91",
        "type": "github"
      },
      "original": {
        "owner": "NixOS",
        "repo": "nixpkgs",
        "type": "github"
      }
    },
    "root": {
      "inputs": {
        "nixpkgs": "nixpkgs"
      }
    }
  },
  "root": "root",
  "version": 7
}
