{
  "nodes": {
    "nixpkgs": {
      "locked": {
        "lastModified": 1744727071,
        "narHash": "sha256-Gf8y1l1PpYCrJdlzN94IxFS+0P9FkiPTaNh1ZYvOpTU=",
        "owner": "NixOS",
        "repo": "nixpkgs",
        "rev": "933fcf5303477c494e95b51b9ceae32da170be2e",
        "type": "github"
      },
      "original": {
        "owner": "NixOS",
        "repo": "nixpkgs",
        "type": "github"
      }
    },
    "root": {
      "inputs": {
        "nixpkgs": "nixpkgs"
      }
    }
  },
  "root": "root",
  "version": 7
}
