<?xml version="1.0" encoding="utf-8"?>
<Project ToolsVersion="4.0" xmlns="http://schemas.microsoft.com/developer/msbuild/2003">
  <ItemGroup>
    <Filter Include="C Source">
      <UniqueIdentifier>{562dc324-f89e-4240-96ac-4a248764c3fa}</UniqueIdentifier>
      <Extensions>.c</Extensions>
    </Filter>
    <Filter Include="Headers">
      <UniqueIdentifier>{b3f40769-0437-4751-b90c-26237111108f}</UniqueIdentifier>
      <Extensions>.h</Extensions>
    </Filter>
    <Filter Include="Perl Scripts">
      <UniqueIdentifier>{df1a0e14-355f-4439-95c4-a124aff8d47c}</UniqueIdentifier>
      <Extensions>.pl</Extensions>
    </Filter>
    <Filter Include="Miscellaneous">
      <UniqueIdentifier>{33da2a6d-27f1-4be7-9a02-1e5867c25027}</UniqueIdentifier>
    </Filter>
  </ItemGroup>
  <ItemGroup>
    <ClCompile Include="assocarr.c">
      <Filter>C Source</Filter>
    </ClCompile>
    <ClCompile Include="brbegin.c">
      <Filter>C Source</Filter>
    </ClCompile>
    <ClCompile Include="brbhook.c">
      <Filter>C Source</Filter>
    </ClCompile>
    <ClCompile Include="brlists.c">
      <Filter>C Source</Filter>
    </ClCompile>
    <ClCompile Include="brqsort.c">
      <Filter>C Source</Filter>
    </ClCompile>
    <ClCompile Include="bswap.c">
      <Filter>C Source</Filter>
    </ClCompile>
    <ClCompile Include="datafile.c">
      <Filter>C Source</Filter>
    </ClCompile>
    <ClCompile Include="devlist.c">
      <Filter>C Source</Filter>
    </ClCompile>
    <ClCompile Include="devquery.c">
      <Filter>C Source</Filter>
    </ClCompile>
    <ClCompile Include="devsetup.c">
      <Filter>C Source</Filter>
    </ClCompile>
    <ClCompile Include="diag.c">
      <Filter>C Source</Filter>
    </ClCompile>
    <ClCompile Include="file.c">
      <Filter>C Source</Filter>
    </ClCompile>
    <ClCompile Include="fwsetup.c">
      <Filter>C Source</Filter>
    </ClCompile>
    <ClCompile Include="genfile.c">
      <Filter>C Source</Filter>
    </ClCompile>
    <ClCompile Include="image.c">
      <Filter>C Source</Filter>
    </ClCompile>
    <ClCompile Include="lexer.c">
      <Filter>C Source</Filter>
    </ClCompile>
    <ClCompile Include="loader.c">
      <Filter>C Source</Filter>
    </ClCompile>
    <ClCompile Include="mem.c">
      <Filter>C Source</Filter>
    </ClCompile>
    <ClCompile Include="object.c">
      <Filter>C Source</Filter>
    </ClCompile>
    <ClCompile Include="objectc.c">
      <Filter>C Source</Filter>
    </ClCompile>
    <ClCompile Include="pattern.c">
      <Filter>C Source</Filter>
    </ClCompile>
    <ClCompile Include="printf.c">
      <Filter>C Source</Filter>
    </ClCompile>
    <ClCompile Include="register.c">
      <Filter>C Source</Filter>
    </ClCompile>
    <ClCompile Include="resource.c">
      <Filter>C Source</Filter>
    </ClCompile>
    <ClCompile Include="resreg.c">
      <Filter>C Source</Filter>
    </ClCompile>
    <ClCompile Include="scratch.c">
      <Filter>C Source</Filter>
    </ClCompile>
    <ClCompile Include="sys_conf.c">
      <Filter>C Source</Filter>
    </ClCompile>
    <ClCompile Include="token.c">
      <Filter>C Source</Filter>
    </ClCompile>
    <ClCompile Include="tokenval.c">
      <Filter>C Source</Filter>
    </ClCompile>
  </ItemGroup>
  <ItemGroup>
    <ClInclude Include="assocarr.h">
      <Filter>Headers</Filter>
    </ClInclude>
    <ClInclude Include="blockops.h">
      <Filter>Headers</Filter>
    </ClInclude>
    <ClInclude Include="brassert.h">
      <Filter>Headers</Filter>
    </ClInclude>
    <ClInclude Include="brddi.h">
      <Filter>Headers</Filter>
    </ClInclude>
    <ClInclude Include="brddi_p.h">
      <Filter>Headers</Filter>
    </ClInclude>
    <ClInclude Include="brexcept.h">
      <Filter>Headers</Filter>
    </ClInclude>
    <ClInclude Include="brhton.h">
      <Filter>Headers</Filter>
    </ClInclude>
    <ClInclude Include="brimage.h">
      <Filter>Headers</Filter>
    </ClInclude>
    <ClInclude Include="brlists.h">
      <Filter>Headers</Filter>
    </ClInclude>
    <ClInclude Include="brstdlib.h">
      <Filter>Headers</Filter>
    </ClInclude>
    <ClInclude Include="dataf_p.h">
      <Filter>Headers</Filter>
    </ClInclude>
    <ClInclude Include="datafile.h">
      <Filter>Headers</Filter>
    </ClInclude>
    <ClInclude Include="formats.h">
      <Filter>Headers</Filter>
    </ClInclude>
    <ClInclude Include="fw.h">
      <Filter>Headers</Filter>
    </ClInclude>
    <ClInclude Include="fw_ip.h">
      <Filter>Headers</Filter>
    </ClInclude>
    <ClInclude Include="lexer.h">
      <Filter>Headers</Filter>
    </ClInclude>
    <ClInclude Include="pretok.h">
      <Filter>Headers</Filter>
    </ClInclude>
    <ClInclude Include="register.h">
      <Filter>Headers</Filter>
    </ClInclude>
    <ClInclude Include="shortcut.h">
      <Filter>Headers</Filter>
    </ClInclude>
    <ClInclude Include="timing.h">
      <Filter>Headers</Filter>
    </ClInclude>
    <ClInclude Include="tokenmap.h">
      <Filter>Headers</Filter>
    </ClInclude>
    <ClInclude Include="wincoff.h">
      <Filter>Headers</Filter>
    </ClInclude>
  </ItemGroup>
  <ItemGroup>
    <None Include="classgen.pl">
      <Filter>Perl Scripts</Filter>
    </None>
    <None Include="..\genasmpr.pl">
      <Filter>Perl Scripts</Filter>
    </None>
    <None Include="..\resgen.pl">
      <Filter>Perl Scripts</Filter>
    </None>
  </ItemGroup>
  <ItemGroup>
    <CustomBuild Include="dev_objs.hpp">
      <Filter>Miscellaneous</Filter>
    </CustomBuild>
    <CustomBuild Include="fwimg.fns">
      <Filter>Miscellaneous</Filter>
    </CustomBuild>
  </ItemGroup>
</Project>